
Microsoft Visual Studio Solution File, Format Version 12.00
# Visual Studio 15
VisualStudioVersion = 15.0.26430.14
MinimumVisualStudioVersion = 10.0.40219.1
Project("{FAE04EC0-301F-11D3-BF4B-00C04F79EFBC}") = "ProviderPortal", "ProviderPortal\ProviderPortal.csproj", "{A9E36A1D-B215-419E-8263-FF9BF412AFD2}"
EndProject
Project("{FAE04EC0-301F-11D3-BF4B-00C04F79EFBC}") = "ProviderPortal.Tests", "ProviderPortal.Tests\ProviderPortal.Tests.csproj", "{E695D645-C4BC-41AB-A743-5CFB569E7D98}"
EndProject
Project("{FAE04EC0-301F-11D3-BF4B-00C04F79EFBC}") = "ProviderPortal.Entities", "ProviderPortal.Entities\ProviderPortal.Entities.csproj", "{0A65BB82-64FD-4067-8000-DE82B41ECDE3}"
EndProject
Project("{FAE04EC0-301F-11D3-BF4B-00C04F79EFBC}") = "CacheManagement", "CacheManagement\CacheManagement.csproj", "{96BFD683-6960-474F-8D41-2CB54CA76F04}"
EndProject
Project("{FAE04EC0-301F-11D3-BF4B-00C04F79EFBC}") = "ProviderPortal.CsvExport", "ProviderPortal.CsvExport\ProviderPortal.CsvExport.csproj", "{5DAE39A0-2D1E-4210-A9D7-DC49AC33CA0C}"
EndProject
Project("{2150E333-8FDC-42A3-9474-1A3956D46DE8}") = "Tools", "Tools", "{F1EE18E9-6644-40E5-9F55-A7509EFBECDC}"
EndProject
Project("{FAE04EC0-301F-11D3-BF4B-00C04F79EFBC}") = "ProviderPortal.DataWarehouse.Entities", "ProviderPortal.DataWarehouse.Entities\ProviderPortal.DataWarehouse.Entities.csproj", "{0F804636-09D6-4F12-AFD9-94F89FFAA06D}"
EndProject
Project("{FAE04EC0-301F-11D3-BF4B-00C04F79EFBC}") = "IMS.NCS.CourseSearchService.DatabaseContext", "CourseSearchService\IMS.NCS.CourseSearchService.DatabaseContext\IMS.NCS.CourseSearchService.DatabaseContext.csproj", "{F535A9D2-FD8C-415D-9018-71BFDDC16E76}"
EndProject
Global
	GlobalSection(SolutionConfigurationPlatforms) = preSolution
		Andy|Any CPU = Andy|Any CPU
		Debug|Any CPU = Debug|Any CPU
		Jon|Any CPU = Jon|Any CPU
		Mark|Any CPU = Mark|Any CPU
		Release|Any CPU = Release|Any CPU
		sfa-api-monitoring-local|Any CPU = sfa-api-monitoring-local|Any CPU
		sfa-api-monitoring-remote|Any CPU = sfa-api-monitoring-remote|Any CPU
		sfa-prod-dev|Any CPU = sfa-prod-dev|Any CPU
		sfa-prod-legacy|Any CPU = sfa-prod-legacy|Any CPU
		sfa-prod-live|Any CPU = sfa-prod-live|Any CPU
		sfa-prod-live-public|Any CPU = sfa-prod-live-public|Any CPU
		sfa-prod-test|Any CPU = sfa-prod-test|Any CPU
		sfa-prod-test-public|Any CPU = sfa-prod-test-public|Any CPU
		sfa-test-s-vi|Any CPU = sfa-test-s-vi|Any CPU
		sfa-test-s-vi-import|Any CPU = sfa-test-s-vi-import|Any CPU
		sfa-test-s-vi-legacy|Any CPU = sfa-test-s-vi-legacy|Any CPU
		Steven|Any CPU = Steven|Any CPU
		Steve-NCS|Any CPU = Steve-NCS|Any CPU
		Steve-NCS-SearchAPI|Any CPU = Steve-NCS-SearchAPI|Any CPU
		Steve-Public-SearchAPI|Any CPU = Steve-Public-SearchAPI|Any CPU
		Test1|Any CPU = Test1|Any CPU
	EndGlobalSection
	GlobalSection(ProjectConfigurationPlatforms) = postSolution
		{A9E36A1D-B215-419E-8263-FF9BF412AFD2}.Andy|Any CPU.ActiveCfg = Release|Any CPU
		{A9E36A1D-B215-419E-8263-FF9BF412AFD2}.Andy|Any CPU.Build.0 = Release|Any CPU
		{A9E36A1D-B215-419E-8263-FF9BF412AFD2}.Debug|Any CPU.ActiveCfg = Debug|Any CPU
		{A9E36A1D-B215-419E-8263-FF9BF412AFD2}.Debug|Any CPU.Build.0 = Debug|Any CPU
		{A9E36A1D-B215-419E-8263-FF9BF412AFD2}.Jon|Any CPU.ActiveCfg = Release|Any CPU
		{A9E36A1D-B215-419E-8263-FF9BF412AFD2}.Jon|Any CPU.Build.0 = Release|Any CPU
		{A9E36A1D-B215-419E-8263-FF9BF412AFD2}.Mark|Any CPU.ActiveCfg = Release|Any CPU
		{A9E36A1D-B215-419E-8263-FF9BF412AFD2}.Mark|Any CPU.Build.0 = Release|Any CPU
		{A9E36A1D-B215-419E-8263-FF9BF412AFD2}.Release|Any CPU.ActiveCfg = Release|Any CPU
		{A9E36A1D-B215-419E-8263-FF9BF412AFD2}.Release|Any CPU.Build.0 = Release|Any CPU
		{A9E36A1D-B215-419E-8263-FF9BF412AFD2}.sfa-api-monitoring-local|Any CPU.ActiveCfg = sfa-test-s-vi-import|Any CPU
		{A9E36A1D-B215-419E-8263-FF9BF412AFD2}.sfa-api-monitoring-local|Any CPU.Build.0 = sfa-test-s-vi-import|Any CPU
		{A9E36A1D-B215-419E-8263-FF9BF412AFD2}.sfa-api-monitoring-remote|Any CPU.ActiveCfg = sfa-test-s-vi-import|Any CPU
		{A9E36A1D-B215-419E-8263-FF9BF412AFD2}.sfa-api-monitoring-remote|Any CPU.Build.0 = sfa-test-s-vi-import|Any CPU
		{A9E36A1D-B215-419E-8263-FF9BF412AFD2}.sfa-prod-dev|Any CPU.ActiveCfg = sfa-prod-dev|Any CPU
		{A9E36A1D-B215-419E-8263-FF9BF412AFD2}.sfa-prod-dev|Any CPU.Build.0 = sfa-prod-dev|Any CPU
		{A9E36A1D-B215-419E-8263-FF9BF412AFD2}.sfa-prod-legacy|Any CPU.ActiveCfg = sfa-prod-live|Any CPU
		{A9E36A1D-B215-419E-8263-FF9BF412AFD2}.sfa-prod-legacy|Any CPU.Build.0 = sfa-prod-live|Any CPU
		{A9E36A1D-B215-419E-8263-FF9BF412AFD2}.sfa-prod-live|Any CPU.ActiveCfg = sfa-prod-live|Any CPU
		{A9E36A1D-B215-419E-8263-FF9BF412AFD2}.sfa-prod-live|Any CPU.Build.0 = sfa-prod-live|Any CPU
		{A9E36A1D-B215-419E-8263-FF9BF412AFD2}.sfa-prod-live-public|Any CPU.ActiveCfg = sfa-prod-live|Any CPU
		{A9E36A1D-B215-419E-8263-FF9BF412AFD2}.sfa-prod-live-public|Any CPU.Build.0 = sfa-prod-live|Any CPU
		{A9E36A1D-B215-419E-8263-FF9BF412AFD2}.sfa-prod-test|Any CPU.ActiveCfg = sfa-prod-live|Any CPU
		{A9E36A1D-B215-419E-8263-FF9BF412AFD2}.sfa-prod-test|Any CPU.Build.0 = sfa-prod-live|Any CPU
		{A9E36A1D-B215-419E-8263-FF9BF412AFD2}.sfa-prod-test-public|Any CPU.ActiveCfg = sfa-prod-live|Any CPU
		{A9E36A1D-B215-419E-8263-FF9BF412AFD2}.sfa-prod-test-public|Any CPU.Build.0 = sfa-prod-live|Any CPU
		{A9E36A1D-B215-419E-8263-FF9BF412AFD2}.sfa-test-s-vi|Any CPU.ActiveCfg = sfa-test-s-vi|Any CPU
		{A9E36A1D-B215-419E-8263-FF9BF412AFD2}.sfa-test-s-vi|Any CPU.Build.0 = sfa-test-s-vi|Any CPU
		{A9E36A1D-B215-419E-8263-FF9BF412AFD2}.sfa-test-s-vi-import|Any CPU.ActiveCfg = sfa-test-s-vi-import|Any CPU
		{A9E36A1D-B215-419E-8263-FF9BF412AFD2}.sfa-test-s-vi-import|Any CPU.Build.0 = sfa-test-s-vi-import|Any CPU
		{A9E36A1D-B215-419E-8263-FF9BF412AFD2}.sfa-test-s-vi-legacy|Any CPU.ActiveCfg = sfa-test-s-vi-import|Any CPU
		{A9E36A1D-B215-419E-8263-FF9BF412AFD2}.sfa-test-s-vi-legacy|Any CPU.Build.0 = sfa-test-s-vi-import|Any CPU
		{A9E36A1D-B215-419E-8263-FF9BF412AFD2}.Steven|Any CPU.ActiveCfg = Release|Any CPU
		{A9E36A1D-B215-419E-8263-FF9BF412AFD2}.Steven|Any CPU.Build.0 = Release|Any CPU
		{A9E36A1D-B215-419E-8263-FF9BF412AFD2}.Steve-NCS|Any CPU.ActiveCfg = sfa-test-s-vi-import|Any CPU
		{A9E36A1D-B215-419E-8263-FF9BF412AFD2}.Steve-NCS|Any CPU.Build.0 = sfa-test-s-vi-import|Any CPU
		{A9E36A1D-B215-419E-8263-FF9BF412AFD2}.Steve-NCS-SearchAPI|Any CPU.ActiveCfg = sfa-test-s-vi-import|Any CPU
		{A9E36A1D-B215-419E-8263-FF9BF412AFD2}.Steve-NCS-SearchAPI|Any CPU.Build.0 = sfa-test-s-vi-import|Any CPU
		{A9E36A1D-B215-419E-8263-FF9BF412AFD2}.Steve-Public-SearchAPI|Any CPU.ActiveCfg = sfa-test-s-vi-import|Any CPU
		{A9E36A1D-B215-419E-8263-FF9BF412AFD2}.Steve-Public-SearchAPI|Any CPU.Build.0 = sfa-test-s-vi-import|Any CPU
		{A9E36A1D-B215-419E-8263-FF9BF412AFD2}.Test1|Any CPU.ActiveCfg = Release|Any CPU
		{A9E36A1D-B215-419E-8263-FF9BF412AFD2}.Test1|Any CPU.Build.0 = Release|Any CPU
		{E695D645-C4BC-41AB-A743-5CFB569E7D98}.Andy|Any CPU.ActiveCfg = Release|Any CPU
		{E695D645-C4BC-41AB-A743-5CFB569E7D98}.Andy|Any CPU.Build.0 = Release|Any CPU
		{E695D645-C4BC-41AB-A743-5CFB569E7D98}.Debug|Any CPU.ActiveCfg = Debug|Any CPU
		{E695D645-C4BC-41AB-A743-5CFB569E7D98}.Debug|Any CPU.Build.0 = Debug|Any CPU
		{E695D645-C4BC-41AB-A743-5CFB569E7D98}.Jon|Any CPU.ActiveCfg = Release|Any CPU
		{E695D645-C4BC-41AB-A743-5CFB569E7D98}.Jon|Any CPU.Build.0 = Release|Any CPU
		{E695D645-C4BC-41AB-A743-5CFB569E7D98}.Mark|Any CPU.ActiveCfg = Release|Any CPU
		{E695D645-C4BC-41AB-A743-5CFB569E7D98}.Mark|Any CPU.Build.0 = Release|Any CPU
		{E695D645-C4BC-41AB-A743-5CFB569E7D98}.Release|Any CPU.ActiveCfg = Release|Any CPU
		{E695D645-C4BC-41AB-A743-5CFB569E7D98}.Release|Any CPU.Build.0 = Release|Any CPU
		{E695D645-C4BC-41AB-A743-5CFB569E7D98}.sfa-api-monitoring-local|Any CPU.ActiveCfg = sfa-test-s-vi-import|Any CPU
		{E695D645-C4BC-41AB-A743-5CFB569E7D98}.sfa-api-monitoring-local|Any CPU.Build.0 = sfa-test-s-vi-import|Any CPU
		{E695D645-C4BC-41AB-A743-5CFB569E7D98}.sfa-api-monitoring-remote|Any CPU.ActiveCfg = sfa-test-s-vi-import|Any CPU
		{E695D645-C4BC-41AB-A743-5CFB569E7D98}.sfa-api-monitoring-remote|Any CPU.Build.0 = sfa-test-s-vi-import|Any CPU
		{E695D645-C4BC-41AB-A743-5CFB569E7D98}.sfa-prod-dev|Any CPU.ActiveCfg = sfa-prod-dev|Any CPU
		{E695D645-C4BC-41AB-A743-5CFB569E7D98}.sfa-prod-dev|Any CPU.Build.0 = sfa-prod-dev|Any CPU
		{E695D645-C4BC-41AB-A743-5CFB569E7D98}.sfa-prod-legacy|Any CPU.ActiveCfg = sfa-prod-live|Any CPU
		{E695D645-C4BC-41AB-A743-5CFB569E7D98}.sfa-prod-legacy|Any CPU.Build.0 = sfa-prod-live|Any CPU
		{E695D645-C4BC-41AB-A743-5CFB569E7D98}.sfa-prod-live|Any CPU.ActiveCfg = sfa-prod-live|Any CPU
		{E695D645-C4BC-41AB-A743-5CFB569E7D98}.sfa-prod-live|Any CPU.Build.0 = sfa-prod-live|Any CPU
		{E695D645-C4BC-41AB-A743-5CFB569E7D98}.sfa-prod-live-public|Any CPU.ActiveCfg = sfa-prod-live|Any CPU
		{E695D645-C4BC-41AB-A743-5CFB569E7D98}.sfa-prod-live-public|Any CPU.Build.0 = sfa-prod-live|Any CPU
		{E695D645-C4BC-41AB-A743-5CFB569E7D98}.sfa-prod-test|Any CPU.ActiveCfg = sfa-prod-test|Any CPU
		{E695D645-C4BC-41AB-A743-5CFB569E7D98}.sfa-prod-test|Any CPU.Build.0 = sfa-prod-test|Any CPU
		{E695D645-C4BC-41AB-A743-5CFB569E7D98}.sfa-prod-test-public|Any CPU.ActiveCfg = sfa-prod-test|Any CPU
		{E695D645-C4BC-41AB-A743-5CFB569E7D98}.sfa-prod-test-public|Any CPU.Build.0 = sfa-prod-test|Any CPU
		{E695D645-C4BC-41AB-A743-5CFB569E7D98}.sfa-test-s-vi|Any CPU.ActiveCfg = sfa-test-s-vi|Any CPU
		{E695D645-C4BC-41AB-A743-5CFB569E7D98}.sfa-test-s-vi|Any CPU.Build.0 = sfa-test-s-vi|Any CPU
		{E695D645-C4BC-41AB-A743-5CFB569E7D98}.sfa-test-s-vi-import|Any CPU.ActiveCfg = sfa-test-s-vi-import|Any CPU
		{E695D645-C4BC-41AB-A743-5CFB569E7D98}.sfa-test-s-vi-import|Any CPU.Build.0 = sfa-test-s-vi-import|Any CPU
		{E695D645-C4BC-41AB-A743-5CFB569E7D98}.sfa-test-s-vi-legacy|Any CPU.ActiveCfg = sfa-test-s-vi-import|Any CPU
		{E695D645-C4BC-41AB-A743-5CFB569E7D98}.sfa-test-s-vi-legacy|Any CPU.Build.0 = sfa-test-s-vi-import|Any CPU
		{E695D645-C4BC-41AB-A743-5CFB569E7D98}.Steven|Any CPU.ActiveCfg = Release|Any CPU
		{E695D645-C4BC-41AB-A743-5CFB569E7D98}.Steven|Any CPU.Build.0 = Release|Any CPU
		{E695D645-C4BC-41AB-A743-5CFB569E7D98}.Steve-NCS|Any CPU.ActiveCfg = sfa-test-s-vi-import|Any CPU
		{E695D645-C4BC-41AB-A743-5CFB569E7D98}.Steve-NCS|Any CPU.Build.0 = sfa-test-s-vi-import|Any CPU
		{E695D645-C4BC-41AB-A743-5CFB569E7D98}.Steve-NCS-SearchAPI|Any CPU.ActiveCfg = sfa-test-s-vi-import|Any CPU
		{E695D645-C4BC-41AB-A743-5CFB569E7D98}.Steve-NCS-SearchAPI|Any CPU.Build.0 = sfa-test-s-vi-import|Any CPU
		{E695D645-C4BC-41AB-A743-5CFB569E7D98}.Steve-Public-SearchAPI|Any CPU.ActiveCfg = sfa-test-s-vi-import|Any CPU
		{E695D645-C4BC-41AB-A743-5CFB569E7D98}.Steve-Public-SearchAPI|Any CPU.Build.0 = sfa-test-s-vi-import|Any CPU
		{E695D645-C4BC-41AB-A743-5CFB569E7D98}.Test1|Any CPU.ActiveCfg = Release|Any CPU
		{E695D645-C4BC-41AB-A743-5CFB569E7D98}.Test1|Any CPU.Build.0 = Release|Any CPU
		{0A65BB82-64FD-4067-8000-DE82B41ECDE3}.Andy|Any CPU.ActiveCfg = Release|Any CPU
		{0A65BB82-64FD-4067-8000-DE82B41ECDE3}.Andy|Any CPU.Build.0 = Release|Any CPU
		{0A65BB82-64FD-4067-8000-DE82B41ECDE3}.Debug|Any CPU.ActiveCfg = Debug|Any CPU
		{0A65BB82-64FD-4067-8000-DE82B41ECDE3}.Debug|Any CPU.Build.0 = Debug|Any CPU
		{0A65BB82-64FD-4067-8000-DE82B41ECDE3}.Jon|Any CPU.ActiveCfg = Release|Any CPU
		{0A65BB82-64FD-4067-8000-DE82B41ECDE3}.Jon|Any CPU.Build.0 = Release|Any CPU
		{0A65BB82-64FD-4067-8000-DE82B41ECDE3}.Mark|Any CPU.ActiveCfg = Release|Any CPU
		{0A65BB82-64FD-4067-8000-DE82B41ECDE3}.Mark|Any CPU.Build.0 = Release|Any CPU
		{0A65BB82-64FD-4067-8000-DE82B41ECDE3}.Release|Any CPU.ActiveCfg = Release|Any CPU
		{0A65BB82-64FD-4067-8000-DE82B41ECDE3}.Release|Any CPU.Build.0 = Release|Any CPU
		{0A65BB82-64FD-4067-8000-DE82B41ECDE3}.sfa-api-monitoring-local|Any CPU.ActiveCfg = sfa-test-s-vi-import|Any CPU
		{0A65BB82-64FD-4067-8000-DE82B41ECDE3}.sfa-api-monitoring-local|Any CPU.Build.0 = sfa-test-s-vi-import|Any CPU
		{0A65BB82-64FD-4067-8000-DE82B41ECDE3}.sfa-api-monitoring-remote|Any CPU.ActiveCfg = sfa-test-s-vi-import|Any CPU
		{0A65BB82-64FD-4067-8000-DE82B41ECDE3}.sfa-api-monitoring-remote|Any CPU.Build.0 = sfa-test-s-vi-import|Any CPU
		{0A65BB82-64FD-4067-8000-DE82B41ECDE3}.sfa-prod-dev|Any CPU.ActiveCfg = sfa-prod-dev|Any CPU
		{0A65BB82-64FD-4067-8000-DE82B41ECDE3}.sfa-prod-dev|Any CPU.Build.0 = sfa-prod-dev|Any CPU
		{0A65BB82-64FD-4067-8000-DE82B41ECDE3}.sfa-prod-legacy|Any CPU.ActiveCfg = sfa-prod-live|Any CPU
		{0A65BB82-64FD-4067-8000-DE82B41ECDE3}.sfa-prod-legacy|Any CPU.Build.0 = sfa-prod-live|Any CPU
		{0A65BB82-64FD-4067-8000-DE82B41ECDE3}.sfa-prod-live|Any CPU.ActiveCfg = sfa-prod-live|Any CPU
		{0A65BB82-64FD-4067-8000-DE82B41ECDE3}.sfa-prod-live|Any CPU.Build.0 = sfa-prod-live|Any CPU
		{0A65BB82-64FD-4067-8000-DE82B41ECDE3}.sfa-prod-live-public|Any CPU.ActiveCfg = sfa-prod-live|Any CPU
		{0A65BB82-64FD-4067-8000-DE82B41ECDE3}.sfa-prod-live-public|Any CPU.Build.0 = sfa-prod-live|Any CPU
		{0A65BB82-64FD-4067-8000-DE82B41ECDE3}.sfa-prod-test|Any CPU.ActiveCfg = sfa-prod-test|Any CPU
		{0A65BB82-64FD-4067-8000-DE82B41ECDE3}.sfa-prod-test|Any CPU.Build.0 = sfa-prod-test|Any CPU
		{0A65BB82-64FD-4067-8000-DE82B41ECDE3}.sfa-prod-test-public|Any CPU.ActiveCfg = sfa-prod-test|Any CPU
		{0A65BB82-64FD-4067-8000-DE82B41ECDE3}.sfa-prod-test-public|Any CPU.Build.0 = sfa-prod-test|Any CPU
		{0A65BB82-64FD-4067-8000-DE82B41ECDE3}.sfa-test-s-vi|Any CPU.ActiveCfg = sfa-test-s-vi|Any CPU
		{0A65BB82-64FD-4067-8000-DE82B41ECDE3}.sfa-test-s-vi|Any CPU.Build.0 = sfa-test-s-vi|Any CPU
		{0A65BB82-64FD-4067-8000-DE82B41ECDE3}.sfa-test-s-vi-import|Any CPU.ActiveCfg = sfa-test-s-vi-import|Any CPU
		{0A65BB82-64FD-4067-8000-DE82B41ECDE3}.sfa-test-s-vi-import|Any CPU.Build.0 = sfa-test-s-vi-import|Any CPU
		{0A65BB82-64FD-4067-8000-DE82B41ECDE3}.sfa-test-s-vi-legacy|Any CPU.ActiveCfg = sfa-test-s-vi-import|Any CPU
		{0A65BB82-64FD-4067-8000-DE82B41ECDE3}.sfa-test-s-vi-legacy|Any CPU.Build.0 = sfa-test-s-vi-import|Any CPU
		{0A65BB82-64FD-4067-8000-DE82B41ECDE3}.Steven|Any CPU.ActiveCfg = Release|Any CPU
		{0A65BB82-64FD-4067-8000-DE82B41ECDE3}.Steven|Any CPU.Build.0 = Release|Any CPU
		{0A65BB82-64FD-4067-8000-DE82B41ECDE3}.Steve-NCS|Any CPU.ActiveCfg = sfa-test-s-vi-import|Any CPU
		{0A65BB82-64FD-4067-8000-DE82B41ECDE3}.Steve-NCS|Any CPU.Build.0 = sfa-test-s-vi-import|Any CPU
		{0A65BB82-64FD-4067-8000-DE82B41ECDE3}.Steve-NCS-SearchAPI|Any CPU.ActiveCfg = sfa-test-s-vi-import|Any CPU
		{0A65BB82-64FD-4067-8000-DE82B41ECDE3}.Steve-NCS-SearchAPI|Any CPU.Build.0 = sfa-test-s-vi-import|Any CPU
		{0A65BB82-64FD-4067-8000-DE82B41ECDE3}.Steve-Public-SearchAPI|Any CPU.ActiveCfg = sfa-test-s-vi-import|Any CPU
		{0A65BB82-64FD-4067-8000-DE82B41ECDE3}.Steve-Public-SearchAPI|Any CPU.Build.0 = sfa-test-s-vi-import|Any CPU
		{0A65BB82-64FD-4067-8000-DE82B41ECDE3}.Test1|Any CPU.ActiveCfg = Release|Any CPU
		{0A65BB82-64FD-4067-8000-DE82B41ECDE3}.Test1|Any CPU.Build.0 = Release|Any CPU
		{96BFD683-6960-474F-8D41-2CB54CA76F04}.Andy|Any CPU.ActiveCfg = Andy|Any CPU
		{96BFD683-6960-474F-8D41-2CB54CA76F04}.Andy|Any CPU.Build.0 = Andy|Any CPU
		{96BFD683-6960-474F-8D41-2CB54CA76F04}.Debug|Any CPU.ActiveCfg = Debug|Any CPU
		{96BFD683-6960-474F-8D41-2CB54CA76F04}.Debug|Any CPU.Build.0 = Debug|Any CPU
		{96BFD683-6960-474F-8D41-2CB54CA76F04}.Jon|Any CPU.ActiveCfg = Jon|Any CPU
		{96BFD683-6960-474F-8D41-2CB54CA76F04}.Jon|Any CPU.Build.0 = Jon|Any CPU
		{96BFD683-6960-474F-8D41-2CB54CA76F04}.Mark|Any CPU.ActiveCfg = Mark|Any CPU
		{96BFD683-6960-474F-8D41-2CB54CA76F04}.Mark|Any CPU.Build.0 = Mark|Any CPU
		{96BFD683-6960-474F-8D41-2CB54CA76F04}.Release|Any CPU.ActiveCfg = Release|Any CPU
		{96BFD683-6960-474F-8D41-2CB54CA76F04}.Release|Any CPU.Build.0 = Release|Any CPU
		{96BFD683-6960-474F-8D41-2CB54CA76F04}.sfa-api-monitoring-local|Any CPU.ActiveCfg = sfa-test-s-vi-import|Any CPU
		{96BFD683-6960-474F-8D41-2CB54CA76F04}.sfa-api-monitoring-local|Any CPU.Build.0 = sfa-test-s-vi-import|Any CPU
		{96BFD683-6960-474F-8D41-2CB54CA76F04}.sfa-api-monitoring-remote|Any CPU.ActiveCfg = sfa-test-s-vi-import|Any CPU
		{96BFD683-6960-474F-8D41-2CB54CA76F04}.sfa-api-monitoring-remote|Any CPU.Build.0 = sfa-test-s-vi-import|Any CPU
		{96BFD683-6960-474F-8D41-2CB54CA76F04}.sfa-prod-dev|Any CPU.ActiveCfg = sfa-prod-dev|Any CPU
		{96BFD683-6960-474F-8D41-2CB54CA76F04}.sfa-prod-dev|Any CPU.Build.0 = sfa-prod-dev|Any CPU
		{96BFD683-6960-474F-8D41-2CB54CA76F04}.sfa-prod-legacy|Any CPU.ActiveCfg = sfa-prod-live|Any CPU
		{96BFD683-6960-474F-8D41-2CB54CA76F04}.sfa-prod-legacy|Any CPU.Build.0 = sfa-prod-live|Any CPU
		{96BFD683-6960-474F-8D41-2CB54CA76F04}.sfa-prod-live|Any CPU.ActiveCfg = sfa-prod-live|Any CPU
		{96BFD683-6960-474F-8D41-2CB54CA76F04}.sfa-prod-live|Any CPU.Build.0 = sfa-prod-live|Any CPU
		{96BFD683-6960-474F-8D41-2CB54CA76F04}.sfa-prod-live-public|Any CPU.ActiveCfg = sfa-prod-live|Any CPU
		{96BFD683-6960-474F-8D41-2CB54CA76F04}.sfa-prod-live-public|Any CPU.Build.0 = sfa-prod-live|Any CPU
		{96BFD683-6960-474F-8D41-2CB54CA76F04}.sfa-prod-test|Any CPU.ActiveCfg = sfa-prod-test|Any CPU
		{96BFD683-6960-474F-8D41-2CB54CA76F04}.sfa-prod-test|Any CPU.Build.0 = sfa-prod-test|Any CPU
		{96BFD683-6960-474F-8D41-2CB54CA76F04}.sfa-prod-test-public|Any CPU.ActiveCfg = sfa-prod-test|Any CPU
		{96BFD683-6960-474F-8D41-2CB54CA76F04}.sfa-prod-test-public|Any CPU.Build.0 = sfa-prod-test|Any CPU
		{96BFD683-6960-474F-8D41-2CB54CA76F04}.sfa-test-s-vi|Any CPU.ActiveCfg = Steven|Any CPU
		{96BFD683-6960-474F-8D41-2CB54CA76F04}.sfa-test-s-vi|Any CPU.Build.0 = Steven|Any CPU
		{96BFD683-6960-474F-8D41-2CB54CA76F04}.sfa-test-s-vi-import|Any CPU.ActiveCfg = sfa-test-s-vi-import|Any CPU
		{96BFD683-6960-474F-8D41-2CB54CA76F04}.sfa-test-s-vi-import|Any CPU.Build.0 = sfa-test-s-vi-import|Any CPU
		{96BFD683-6960-474F-8D41-2CB54CA76F04}.sfa-test-s-vi-legacy|Any CPU.ActiveCfg = sfa-test-s-vi-import|Any CPU
		{96BFD683-6960-474F-8D41-2CB54CA76F04}.sfa-test-s-vi-legacy|Any CPU.Build.0 = sfa-test-s-vi-import|Any CPU
		{96BFD683-6960-474F-8D41-2CB54CA76F04}.Steven|Any CPU.ActiveCfg = Steven|Any CPU
		{96BFD683-6960-474F-8D41-2CB54CA76F04}.Steven|Any CPU.Build.0 = Steven|Any CPU
		{96BFD683-6960-474F-8D41-2CB54CA76F04}.Steve-NCS|Any CPU.ActiveCfg = Steven|Any CPU
		{96BFD683-6960-474F-8D41-2CB54CA76F04}.Steve-NCS|Any CPU.Build.0 = Steven|Any CPU
		{96BFD683-6960-474F-8D41-2CB54CA76F04}.Steve-NCS-SearchAPI|Any CPU.ActiveCfg = Steven|Any CPU
		{96BFD683-6960-474F-8D41-2CB54CA76F04}.Steve-NCS-SearchAPI|Any CPU.Build.0 = Steven|Any CPU
		{96BFD683-6960-474F-8D41-2CB54CA76F04}.Steve-Public-SearchAPI|Any CPU.ActiveCfg = Steven|Any CPU
		{96BFD683-6960-474F-8D41-2CB54CA76F04}.Steve-Public-SearchAPI|Any CPU.Build.0 = Steven|Any CPU
		{96BFD683-6960-474F-8D41-2CB54CA76F04}.Test1|Any CPU.ActiveCfg = Test1|Any CPU
		{96BFD683-6960-474F-8D41-2CB54CA76F04}.Test1|Any CPU.Build.0 = Test1|Any CPU
		{5DAE39A0-2D1E-4210-A9D7-DC49AC33CA0C}.Andy|Any CPU.ActiveCfg = Release|Any CPU
		{5DAE39A0-2D1E-4210-A9D7-DC49AC33CA0C}.Andy|Any CPU.Build.0 = Release|Any CPU
		{5DAE39A0-2D1E-4210-A9D7-DC49AC33CA0C}.Debug|Any CPU.ActiveCfg = Debug|Any CPU
		{5DAE39A0-2D1E-4210-A9D7-DC49AC33CA0C}.Debug|Any CPU.Build.0 = Debug|Any CPU
		{5DAE39A0-2D1E-4210-A9D7-DC49AC33CA0C}.Jon|Any CPU.ActiveCfg = Release|Any CPU
		{5DAE39A0-2D1E-4210-A9D7-DC49AC33CA0C}.Jon|Any CPU.Build.0 = Release|Any CPU
		{5DAE39A0-2D1E-4210-A9D7-DC49AC33CA0C}.Mark|Any CPU.ActiveCfg = Release|Any CPU
		{5DAE39A0-2D1E-4210-A9D7-DC49AC33CA0C}.Mark|Any CPU.Build.0 = Release|Any CPU
		{5DAE39A0-2D1E-4210-A9D7-DC49AC33CA0C}.Release|Any CPU.ActiveCfg = Release|Any CPU
		{5DAE39A0-2D1E-4210-A9D7-DC49AC33CA0C}.Release|Any CPU.Build.0 = Release|Any CPU
		{5DAE39A0-2D1E-4210-A9D7-DC49AC33CA0C}.sfa-api-monitoring-local|Any CPU.ActiveCfg = sfa-prod-test|Any CPU
		{5DAE39A0-2D1E-4210-A9D7-DC49AC33CA0C}.sfa-api-monitoring-local|Any CPU.Build.0 = sfa-prod-test|Any CPU
		{5DAE39A0-2D1E-4210-A9D7-DC49AC33CA0C}.sfa-api-monitoring-remote|Any CPU.ActiveCfg = sfa-prod-test|Any CPU
		{5DAE39A0-2D1E-4210-A9D7-DC49AC33CA0C}.sfa-api-monitoring-remote|Any CPU.Build.0 = sfa-prod-test|Any CPU
		{5DAE39A0-2D1E-4210-A9D7-DC49AC33CA0C}.sfa-prod-dev|Any CPU.ActiveCfg = sfa-prod-dev|Any CPU
		{5DAE39A0-2D1E-4210-A9D7-DC49AC33CA0C}.sfa-prod-dev|Any CPU.Build.0 = sfa-prod-dev|Any CPU
		{5DAE39A0-2D1E-4210-A9D7-DC49AC33CA0C}.sfa-prod-legacy|Any CPU.ActiveCfg = sfa-prod-test|Any CPU
		{5DAE39A0-2D1E-4210-A9D7-DC49AC33CA0C}.sfa-prod-legacy|Any CPU.Build.0 = sfa-prod-test|Any CPU
		{5DAE39A0-2D1E-4210-A9D7-DC49AC33CA0C}.sfa-prod-live|Any CPU.ActiveCfg = Release|Any CPU
		{5DAE39A0-2D1E-4210-A9D7-DC49AC33CA0C}.sfa-prod-live|Any CPU.Build.0 = Release|Any CPU
		{5DAE39A0-2D1E-4210-A9D7-DC49AC33CA0C}.sfa-prod-live-public|Any CPU.ActiveCfg = sfa-prod-test|Any CPU
		{5DAE39A0-2D1E-4210-A9D7-DC49AC33CA0C}.sfa-prod-live-public|Any CPU.Build.0 = sfa-prod-test|Any CPU
		{5DAE39A0-2D1E-4210-A9D7-DC49AC33CA0C}.sfa-prod-test|Any CPU.ActiveCfg = sfa-prod-test|Any CPU
		{5DAE39A0-2D1E-4210-A9D7-DC49AC33CA0C}.sfa-prod-test|Any CPU.Build.0 = sfa-prod-test|Any CPU
		{5DAE39A0-2D1E-4210-A9D7-DC49AC33CA0C}.sfa-prod-test-public|Any CPU.ActiveCfg = sfa-prod-test|Any CPU
		{5DAE39A0-2D1E-4210-A9D7-DC49AC33CA0C}.sfa-prod-test-public|Any CPU.Build.0 = sfa-prod-test|Any CPU
		{5DAE39A0-2D1E-4210-A9D7-DC49AC33CA0C}.sfa-test-s-vi|Any CPU.ActiveCfg = Release|Any CPU
		{5DAE39A0-2D1E-4210-A9D7-DC49AC33CA0C}.sfa-test-s-vi|Any CPU.Build.0 = Release|Any CPU
		{5DAE39A0-2D1E-4210-A9D7-DC49AC33CA0C}.sfa-test-s-vi-import|Any CPU.ActiveCfg = Release|Any CPU
		{5DAE39A0-2D1E-4210-A9D7-DC49AC33CA0C}.sfa-test-s-vi-import|Any CPU.Build.0 = Release|Any CPU
		{5DAE39A0-2D1E-4210-A9D7-DC49AC33CA0C}.sfa-test-s-vi-legacy|Any CPU.ActiveCfg = sfa-prod-test|Any CPU
		{5DAE39A0-2D1E-4210-A9D7-DC49AC33CA0C}.sfa-test-s-vi-legacy|Any CPU.Build.0 = sfa-prod-test|Any CPU
		{5DAE39A0-2D1E-4210-A9D7-DC49AC33CA0C}.Steven|Any CPU.ActiveCfg = Release|Any CPU
		{5DAE39A0-2D1E-4210-A9D7-DC49AC33CA0C}.Steven|Any CPU.Build.0 = Release|Any CPU
		{5DAE39A0-2D1E-4210-A9D7-DC49AC33CA0C}.Steve-NCS|Any CPU.ActiveCfg = sfa-prod-test|Any CPU
		{5DAE39A0-2D1E-4210-A9D7-DC49AC33CA0C}.Steve-NCS|Any CPU.Build.0 = sfa-prod-test|Any CPU
		{5DAE39A0-2D1E-4210-A9D7-DC49AC33CA0C}.Steve-NCS-SearchAPI|Any CPU.ActiveCfg = sfa-prod-test|Any CPU
		{5DAE39A0-2D1E-4210-A9D7-DC49AC33CA0C}.Steve-NCS-SearchAPI|Any CPU.Build.0 = sfa-prod-test|Any CPU
		{5DAE39A0-2D1E-4210-A9D7-DC49AC33CA0C}.Steve-Public-SearchAPI|Any CPU.ActiveCfg = sfa-prod-test|Any CPU
		{5DAE39A0-2D1E-4210-A9D7-DC49AC33CA0C}.Steve-Public-SearchAPI|Any CPU.Build.0 = sfa-prod-test|Any CPU
		{5DAE39A0-2D1E-4210-A9D7-DC49AC33CA0C}.Test1|Any CPU.ActiveCfg = Release|Any CPU
		{5DAE39A0-2D1E-4210-A9D7-DC49AC33CA0C}.Test1|Any CPU.Build.0 = Release|Any CPU
		{0F804636-09D6-4F12-AFD9-94F89FFAA06D}.Andy|Any CPU.ActiveCfg = Release|Any CPU
		{0F804636-09D6-4F12-AFD9-94F89FFAA06D}.Andy|Any CPU.Build.0 = Release|Any CPU
		{0F804636-09D6-4F12-AFD9-94F89FFAA06D}.Debug|Any CPU.ActiveCfg = Debug|Any CPU
		{0F804636-09D6-4F12-AFD9-94F89FFAA06D}.Debug|Any CPU.Build.0 = Debug|Any CPU
		{0F804636-09D6-4F12-AFD9-94F89FFAA06D}.Jon|Any CPU.ActiveCfg = Release|Any CPU
		{0F804636-09D6-4F12-AFD9-94F89FFAA06D}.Jon|Any CPU.Build.0 = Release|Any CPU
		{0F804636-09D6-4F12-AFD9-94F89FFAA06D}.Mark|Any CPU.ActiveCfg = Release|Any CPU
		{0F804636-09D6-4F12-AFD9-94F89FFAA06D}.Mark|Any CPU.Build.0 = Release|Any CPU
		{0F804636-09D6-4F12-AFD9-94F89FFAA06D}.Release|Any CPU.ActiveCfg = Release|Any CPU
		{0F804636-09D6-4F12-AFD9-94F89FFAA06D}.Release|Any CPU.Build.0 = Release|Any CPU
		{0F804636-09D6-4F12-AFD9-94F89FFAA06D}.sfa-api-monitoring-local|Any CPU.ActiveCfg = Debug|Any CPU
		{0F804636-09D6-4F12-AFD9-94F89FFAA06D}.sfa-api-monitoring-local|Any CPU.Build.0 = Debug|Any CPU
		{0F804636-09D6-4F12-AFD9-94F89FFAA06D}.sfa-api-monitoring-remote|Any CPU.ActiveCfg = Debug|Any CPU
		{0F804636-09D6-4F12-AFD9-94F89FFAA06D}.sfa-api-monitoring-remote|Any CPU.Build.0 = Debug|Any CPU
		{0F804636-09D6-4F12-AFD9-94F89FFAA06D}.sfa-prod-dev|Any CPU.ActiveCfg = Release|Any CPU
		{0F804636-09D6-4F12-AFD9-94F89FFAA06D}.sfa-prod-dev|Any CPU.Build.0 = Release|Any CPU
		{0F804636-09D6-4F12-AFD9-94F89FFAA06D}.sfa-prod-legacy|Any CPU.ActiveCfg = Debug|Any CPU
		{0F804636-09D6-4F12-AFD9-94F89FFAA06D}.sfa-prod-legacy|Any CPU.Build.0 = Debug|Any CPU
		{0F804636-09D6-4F12-AFD9-94F89FFAA06D}.sfa-prod-live|Any CPU.ActiveCfg = Release|Any CPU
		{0F804636-09D6-4F12-AFD9-94F89FFAA06D}.sfa-prod-live|Any CPU.Build.0 = Release|Any CPU
		{0F804636-09D6-4F12-AFD9-94F89FFAA06D}.sfa-prod-live-public|Any CPU.ActiveCfg = Debug|Any CPU
		{0F804636-09D6-4F12-AFD9-94F89FFAA06D}.sfa-prod-live-public|Any CPU.Build.0 = Debug|Any CPU
		{0F804636-09D6-4F12-AFD9-94F89FFAA06D}.sfa-prod-test|Any CPU.ActiveCfg = Release|Any CPU
		{0F804636-09D6-4F12-AFD9-94F89FFAA06D}.sfa-prod-test|Any CPU.Build.0 = Release|Any CPU
		{0F804636-09D6-4F12-AFD9-94F89FFAA06D}.sfa-prod-test-public|Any CPU.ActiveCfg = Debug|Any CPU
		{0F804636-09D6-4F12-AFD9-94F89FFAA06D}.sfa-prod-test-public|Any CPU.Build.0 = Debug|Any CPU
		{0F804636-09D6-4F12-AFD9-94F89FFAA06D}.sfa-test-s-vi|Any CPU.ActiveCfg = Release|Any CPU
		{0F804636-09D6-4F12-AFD9-94F89FFAA06D}.sfa-test-s-vi|Any CPU.Build.0 = Release|Any CPU
		{0F804636-09D6-4F12-AFD9-94F89FFAA06D}.sfa-test-s-vi-import|Any CPU.ActiveCfg = Release|Any CPU
		{0F804636-09D6-4F12-AFD9-94F89FFAA06D}.sfa-test-s-vi-import|Any CPU.Build.0 = Release|Any CPU
		{0F804636-09D6-4F12-AFD9-94F89FFAA06D}.sfa-test-s-vi-legacy|Any CPU.ActiveCfg = Debug|Any CPU
		{0F804636-09D6-4F12-AFD9-94F89FFAA06D}.sfa-test-s-vi-legacy|Any CPU.Build.0 = Debug|Any CPU
		{0F804636-09D6-4F12-AFD9-94F89FFAA06D}.Steven|Any CPU.ActiveCfg = Release|Any CPU
		{0F804636-09D6-4F12-AFD9-94F89FFAA06D}.Steven|Any CPU.Build.0 = Release|Any CPU
		{0F804636-09D6-4F12-AFD9-94F89FFAA06D}.Steve-NCS|Any CPU.ActiveCfg = Debug|Any CPU
		{0F804636-09D6-4F12-AFD9-94F89FFAA06D}.Steve-NCS|Any CPU.Build.0 = Debug|Any CPU
		{0F804636-09D6-4F12-AFD9-94F89FFAA06D}.Steve-NCS-SearchAPI|Any CPU.ActiveCfg = Debug|Any CPU
		{0F804636-09D6-4F12-AFD9-94F89FFAA06D}.Steve-NCS-SearchAPI|Any CPU.Build.0 = Debug|Any CPU
		{0F804636-09D6-4F12-AFD9-94F89FFAA06D}.Steve-Public-SearchAPI|Any CPU.ActiveCfg = Debug|Any CPU
		{0F804636-09D6-4F12-AFD9-94F89FFAA06D}.Steve-Public-SearchAPI|Any CPU.Build.0 = Debug|Any CPU
		{0F804636-09D6-4F12-AFD9-94F89FFAA06D}.Test1|Any CPU.ActiveCfg = Release|Any CPU
		{0F804636-09D6-4F12-AFD9-94F89FFAA06D}.Test1|Any CPU.Build.0 = Release|Any CPU
		{F535A9D2-FD8C-415D-9018-71BFDDC16E76}.Andy|Any CPU.ActiveCfg = Steve-NCS-SearchAPI|Any CPU
		{F535A9D2-FD8C-415D-9018-71BFDDC16E76}.Andy|Any CPU.Build.0 = Steve-NCS-SearchAPI|Any CPU
		{F535A9D2-FD8C-415D-9018-71BFDDC16E76}.Debug|Any CPU.ActiveCfg = Debug|Any CPU
		{F535A9D2-FD8C-415D-9018-71BFDDC16E76}.Debug|Any CPU.Build.0 = Debug|Any CPU
		{F535A9D2-FD8C-415D-9018-71BFDDC16E76}.Jon|Any CPU.ActiveCfg = Steve-NCS-SearchAPI|Any CPU
		{F535A9D2-FD8C-415D-9018-71BFDDC16E76}.Jon|Any CPU.Build.0 = Steve-NCS-SearchAPI|Any CPU
		{F535A9D2-FD8C-415D-9018-71BFDDC16E76}.Mark|Any CPU.ActiveCfg = Steve-NCS-SearchAPI|Any CPU
		{F535A9D2-FD8C-415D-9018-71BFDDC16E76}.Mark|Any CPU.Build.0 = Steve-NCS-SearchAPI|Any CPU
		{F535A9D2-FD8C-415D-9018-71BFDDC16E76}.Release|Any CPU.ActiveCfg = Release|Any CPU
		{F535A9D2-FD8C-415D-9018-71BFDDC16E76}.Release|Any CPU.Build.0 = Release|Any CPU
		{F535A9D2-FD8C-415D-9018-71BFDDC16E76}.sfa-api-monitoring-local|Any CPU.ActiveCfg = sfa-api-monitoring-local|Any CPU
		{F535A9D2-FD8C-415D-9018-71BFDDC16E76}.sfa-api-monitoring-local|Any CPU.Build.0 = sfa-api-monitoring-local|Any CPU
		{F535A9D2-FD8C-415D-9018-71BFDDC16E76}.sfa-api-monitoring-remote|Any CPU.ActiveCfg = sfa-api-monitoring-remote|Any CPU
		{F535A9D2-FD8C-415D-9018-71BFDDC16E76}.sfa-api-monitoring-remote|Any CPU.Build.0 = sfa-api-monitoring-remote|Any CPU
		{F535A9D2-FD8C-415D-9018-71BFDDC16E76}.sfa-prod-dev|Any CPU.ActiveCfg = sfa-prod-live-public|Any CPU
		{F535A9D2-FD8C-415D-9018-71BFDDC16E76}.sfa-prod-dev|Any CPU.Build.0 = sfa-prod-live-public|Any CPU
		{F535A9D2-FD8C-415D-9018-71BFDDC16E76}.sfa-prod-legacy|Any CPU.ActiveCfg = sfa-prod-legacy|Any CPU
		{F535A9D2-FD8C-415D-9018-71BFDDC16E76}.sfa-prod-legacy|Any CPU.Build.0 = sfa-prod-legacy|Any CPU
		{F535A9D2-FD8C-415D-9018-71BFDDC16E76}.sfa-prod-live|Any CPU.ActiveCfg = sfa-prod-live|Any CPU
		{F535A9D2-FD8C-415D-9018-71BFDDC16E76}.sfa-prod-live|Any CPU.Build.0 = sfa-prod-live|Any CPU
		{F535A9D2-FD8C-415D-9018-71BFDDC16E76}.sfa-prod-live-public|Any CPU.ActiveCfg = sfa-prod-live-public|Any CPU
		{F535A9D2-FD8C-415D-9018-71BFDDC16E76}.sfa-prod-live-public|Any CPU.Build.0 = sfa-prod-live-public|Any CPU
		{F535A9D2-FD8C-415D-9018-71BFDDC16E76}.sfa-prod-test|Any CPU.ActiveCfg = sfa-prod-test|Any CPU
		{F535A9D2-FD8C-415D-9018-71BFDDC16E76}.sfa-prod-test|Any CPU.Build.0 = sfa-prod-test|Any CPU
		{F535A9D2-FD8C-415D-9018-71BFDDC16E76}.sfa-prod-test-public|Any CPU.ActiveCfg = sfa-prod-test-public|Any CPU
		{F535A9D2-FD8C-415D-9018-71BFDDC16E76}.sfa-prod-test-public|Any CPU.Build.0 = sfa-prod-test-public|Any CPU
		{F535A9D2-FD8C-415D-9018-71BFDDC16E76}.sfa-test-s-vi|Any CPU.ActiveCfg = sfa-test-s-vi|Any CPU
		{F535A9D2-FD8C-415D-9018-71BFDDC16E76}.sfa-test-s-vi|Any CPU.Build.0 = sfa-test-s-vi|Any CPU
		{F535A9D2-FD8C-415D-9018-71BFDDC16E76}.sfa-test-s-vi-import|Any CPU.ActiveCfg = sfa-test-s-vi-import|Any CPU
		{F535A9D2-FD8C-415D-9018-71BFDDC16E76}.sfa-test-s-vi-import|Any CPU.Build.0 = sfa-test-s-vi-import|Any CPU
		{F535A9D2-FD8C-415D-9018-71BFDDC16E76}.sfa-test-s-vi-legacy|Any CPU.ActiveCfg = sfa-test-s-vi-legacy|Any CPU
		{F535A9D2-FD8C-415D-9018-71BFDDC16E76}.sfa-test-s-vi-legacy|Any CPU.Build.0 = sfa-test-s-vi-legacy|Any CPU
		{F535A9D2-FD8C-415D-9018-71BFDDC16E76}.Steven|Any CPU.ActiveCfg = Steve-NCS-SearchAPI|Any CPU
		{F535A9D2-FD8C-415D-9018-71BFDDC16E76}.Steven|Any CPU.Build.0 = Steve-NCS-SearchAPI|Any CPU
		{F535A9D2-FD8C-415D-9018-71BFDDC16E76}.Steve-NCS|Any CPU.ActiveCfg = Steve-NCS|Any CPU
		{F535A9D2-FD8C-415D-9018-71BFDDC16E76}.Steve-NCS|Any CPU.Build.0 = Steve-NCS|Any CPU
		{F535A9D2-FD8C-415D-9018-71BFDDC16E76}.Steve-NCS-SearchAPI|Any CPU.ActiveCfg = Steve-NCS-SearchAPI|Any CPU
		{F535A9D2-FD8C-415D-9018-71BFDDC16E76}.Steve-NCS-SearchAPI|Any CPU.Build.0 = Steve-NCS-SearchAPI|Any CPU
		{F535A9D2-FD8C-415D-9018-71BFDDC16E76}.Steve-Public-SearchAPI|Any CPU.ActiveCfg = Steve-Public-SearchAPI|Any CPU
		{F535A9D2-FD8C-415D-9018-71BFDDC16E76}.Steve-Public-SearchAPI|Any CPU.Build.0 = Steve-Public-SearchAPI|Any CPU
		{F535A9D2-FD8C-415D-9018-71BFDDC16E76}.Test1|Any CPU.ActiveCfg = Steve-NCS-SearchAPI|Any CPU
		{F535A9D2-FD8C-415D-9018-71BFDDC16E76}.Test1|Any CPU.Build.0 = Steve-NCS-SearchAPI|Any CPU
	EndGlobalSection
	GlobalSection(SolutionProperties) = preSolution
		HideSolutionNode = FALSE
	EndGlobalSection
	GlobalSection(NestedProjects) = preSolution
		{5DAE39A0-2D1E-4210-A9D7-DC49AC33CA0C} = {F1EE18E9-6644-40E5-9F55-A7509EFBECDC}
	EndGlobalSection
	GlobalSection(ExtensibilityGlobals) = postSolution
		SolutionGuid = {D30DAF69-D8CC-4FC1-A0A5-78F47FDD8DA8}
	EndGlobalSection
EndGlobal
